
Microsoft Visual Studio Solution File, Format Version 12.00
# Visual Studio Version 16
VisualStudioVersion = 16.0.29418.71
MinimumVisualStudioVersion = 10.0.40219.1
Project("{FAE04EC0-301F-11D3-BF4B-00C04F79EFBC}") = "HelloService", "HelloService\HelloService.csproj", "{05F676C5-1660-4852-BAE7-D6B4E2BFE3B4}"
EndProject
Project("{FAE04EC0-301F-11D3-BF4B-00C04F79EFBC}") = "HelloServiceHost", "HelloServiceHost\HelloServiceHost.csproj", "{1617F0B3-E358-47F7-AD67-65390C5D95AA}"
EndProject
Project("{FAE04EC0-301F-11D3-BF4B-00C04F79EFBC}") = "HelloServiceWindowsServiceHost", "HelloServiceWindowsServiceHost\HelloServiceWindowsServiceHost.csproj", "{EFC36AE3-BAD3-488F-A46E-844093B59805}"
EndProject
Project("{FAE04EC0-301F-11D3-BF4B-00C04F79EFBC}") = "HelloServiceIISHost", "HelloServiceIISHost\HelloServiceIISHost.csproj", "{B9A509B9-DF72-4A5F-AEF4-734732E96AF6}"
EndProject
Global
	GlobalSection(SolutionConfigurationPlatforms) = preSolution
		Debug|Any CPU = Debug|Any CPU
		Release|Any CPU = Release|Any CPU
	EndGlobalSection
	GlobalSection(ProjectConfigurationPlatforms) = postSolution
		{05F676C5-1660-4852-BAE7-D6B4E2BFE3B4}.Debug|Any CPU.ActiveCfg = Debug|Any CPU
		{05F676C5-1660-4852-BAE7-D6B4E2BFE3B4}.Debug|Any CPU.Build.0 = Debug|Any CPU
		{05F676C5-1660-4852-BAE7-D6B4E2BFE3B4}.Release|Any CPU.ActiveCfg = Release|Any CPU
		{05F676C5-1660-4852-BAE7-D6B4E2BFE3B4}.Release|Any CPU.Build.0 = Release|Any CPU
		{1617F0B3-E358-47F7-AD67-65390C5D95AA}.Debug|Any CPU.ActiveCfg = Debug|Any CPU
		{1617F0B3-E358-47F7-AD67-65390C5D95AA}.Debug|Any CPU.Build.0 = Debug|Any CPU
		{1617F0B3-E358-47F7-AD67-65390C5D95AA}.Release|Any CPU.ActiveCfg = Release|Any CPU
		{1617F0B3-E358-47F7-AD67-65390C5D95AA}.Release|Any CPU.Build.0 = Release|Any CPU
		{EFC36AE3-BAD3-488F-A46E-844093B59805}.Debug|Any CPU.ActiveCfg = Debug|Any CPU
		{EFC36AE3-BAD3-488F-A46E-844093B59805}.Debug|Any CPU.Build.0 = Debug|Any CPU
		{EFC36AE3-BAD3-488F-A46E-844093B59805}.Release|Any CPU.ActiveCfg = Release|Any CPU
		{EFC36AE3-BAD3-488F-A46E-844093B59805}.Release|Any CPU.Build.0 = Release|Any CPU
		{B9A509B9-DF72-4A5F-AEF4-734732E96AF6}.Debug|Any CPU.ActiveCfg = Debug|Any CPU
		{B9A509B9-DF72-4A5F-AEF4-734732E96AF6}.Debug|Any CPU.Build.0 = Debug|Any CPU
		{B9A509B9-DF72-4A5F-AEF4-734732E96AF6}.Release|Any CPU.ActiveCfg = Release|Any CPU
		{B9A509B9-DF72-4A5F-AEF4-734732E96AF6}.Release|Any CPU.Build.0 = Release|Any CPU
	EndGlobalSection
	GlobalSection(SolutionProperties) = preSolution
		HideSolutionNode = FALSE
	EndGlobalSection
	GlobalSection(ExtensibilityGlobals) = postSolution
		SolutionGuid = {7BA31900-667C-4623-BBDE-A87FBAA23225}
	EndGlobalSection
EndGlobal
