
Microsoft Visual Studio Solution File, Format Version 12.00
# Visual Studio Version 16
VisualStudioVersion = 16.0.29418.71
MinimumVisualStudioVersion = 10.0.40219.1
Project("{FAE04EC0-301F-11D3-BF4B-00C04F79EFBC}") = "DuplexMEPClient", "DuplexMEPClient\DuplexMEPClient.csproj", "{32259C38-70D6-4B2D-B26E-469F09F459F2}"
EndProject
Global
	GlobalSection(SolutionConfigurationPlatforms) = preSolution
		Debug|Any CPU = Debug|Any CPU
		Release|Any CPU = Release|Any CPU
	EndGlobalSection
	GlobalSection(ProjectConfigurationPlatforms) = postSolution
		{32259C38-70D6-4B2D-B26E-469F09F459F2}.Debug|Any CPU.ActiveCfg = Debug|Any CPU
		{32259C38-70D6-4B2D-B26E-469F09F459F2}.Debug|Any CPU.Build.0 = Debug|Any CPU
		{32259C38-70D6-4B2D-B26E-469F09F459F2}.Release|Any CPU.ActiveCfg = Release|Any CPU
		{32259C38-70D6-4B2D-B26E-469F09F459F2}.Release|Any CPU.Build.0 = Release|Any CPU
	EndGlobalSection
	GlobalSection(SolutionProperties) = preSolution
		HideSolutionNode = FALSE
	EndGlobalSection
	GlobalSection(ExtensibilityGlobals) = postSolution
		SolutionGuid = {B0B3C612-2261-4FFC-B428-55D4A8701445}
	EndGlobalSection
EndGlobal
