
Microsoft Visual Studio Solution File, Format Version 12.00
# Visual Studio Version 16
VisualStudioVersion = 16.0.29418.71
MinimumVisualStudioVersion = 10.0.40219.1
Project("{FAE04EC0-301F-11D3-BF4B-00C04F79EFBC}") = "Windows Client", "Windows Client\Windows Client.csproj", "{ECBAB578-E95D-43F8-9721-9BE0319672C9}"
EndProject
Global
	GlobalSection(SolutionConfigurationPlatforms) = preSolution
		Debug|Any CPU = Debug|Any CPU
		Release|Any CPU = Release|Any CPU
	EndGlobalSection
	GlobalSection(ProjectConfigurationPlatforms) = postSolution
		{ECBAB578-E95D-43F8-9721-9BE0319672C9}.Debug|Any CPU.ActiveCfg = Debug|Any CPU
		{ECBAB578-E95D-43F8-9721-9BE0319672C9}.Debug|Any CPU.Build.0 = Debug|Any CPU
		{ECBAB578-E95D-43F8-9721-9BE0319672C9}.Release|Any CPU.ActiveCfg = Release|Any CPU
		{ECBAB578-E95D-43F8-9721-9BE0319672C9}.Release|Any CPU.Build.0 = Release|Any CPU
	EndGlobalSection
	GlobalSection(SolutionProperties) = preSolution
		HideSolutionNode = FALSE
	EndGlobalSection
	GlobalSection(ExtensibilityGlobals) = postSolution
		SolutionGuid = {BEDF9734-316D-43FD-8C4A-159DF2AFA923}
	EndGlobalSection
EndGlobal
